<?xml version="1.0" encoding="utf-8"?>
<Project ToolsVersion="4.0" xmlns="http://schemas.microsoft.com/developer/msbuild/2003">
  <ItemGroup>
    <Filter Include="ソース ファイル">
      <UniqueIdentifier>{4FC737F1-C7A5-4376-A066-2A32D752A2FF}</UniqueIdentifier>
      <Extensions>cpp;c;cc;cxx;def;odl;idl;hpj;bat;asm;asmx</Extensions>
    </Filter>
    <Filter Include="ヘッダー ファイル">
      <UniqueIdentifier>{93995380-89BD-4b04-88EB-625FBE52EBFB}</UniqueIdentifier>
      <Extensions>h;hh;hpp;hxx;hm;inl;inc;xsd</Extensions>
    </Filter>
    <Filter Include="リソース ファイル">
      <UniqueIdentifier>{67DA6AB6-F800-4c08-8B7A-83BB121AAD01}</UniqueIdentifier>
      <Extensions>rc;ico;cur;bmp;dlg;rc2;rct;bin;rgs;gif;jpg;jpeg;jpe;resx;tiff;tif;png;wav;mfcribbon-ms</Extensions>
    </Filter>
    <Filter Include="ヘッダー ファイル\2D">
      <UniqueIdentifier>{e1b0aff3-f6ef-47db-acfa-593ea1d76c5a}</UniqueIdentifier>
    </Filter>
    <Filter Include="ヘッダー ファイル\3D">
      <UniqueIdentifier>{53719c5b-7603-4e98-b12e-cdd5b241b77b}</UniqueIdentifier>
    </Filter>
    <Filter Include="ヘッダー ファイル\input">
      <UniqueIdentifier>{ad7612ce-b6cc-4197-9190-dc84c253963f}</UniqueIdentifier>
    </Filter>
    <Filter Include="ヘッダー ファイル\3D\Effect">
      <UniqueIdentifier>{da0fb270-f876-4772-8f58-7ba720defc8c}</UniqueIdentifier>
    </Filter>
    <Filter Include="ヘッダー ファイル\2D\Effect">
      <UniqueIdentifier>{9884a13b-55d1-4ebc-b7a3-e63f43deacf3}</UniqueIdentifier>
    </Filter>
    <Filter Include="ソース ファイル\2D">
      <UniqueIdentifier>{28a711d5-ee3d-4304-9ae7-77798ff08454}</UniqueIdentifier>
    </Filter>
    <Filter Include="ソース ファイル\3D">
      <UniqueIdentifier>{ea15a80a-7c0f-4a1b-aea3-4042388ac5e1}</UniqueIdentifier>
    </Filter>
    <Filter Include="ソース ファイル\input">
      <UniqueIdentifier>{40d219e8-5e7f-4e33-b16e-147067ee094e}</UniqueIdentifier>
    </Filter>
    <Filter Include="ソース ファイル\2D\Effect">
      <UniqueIdentifier>{343bd656-51ea-480a-8bec-8a8f339223a1}</UniqueIdentifier>
    </Filter>
    <Filter Include="ソース ファイル\3D\Effect">
      <UniqueIdentifier>{53453542-220e-43d8-b0fb-e0d52ddc2bd9}</UniqueIdentifier>
    </Filter>
    <Filter Include="ソース ファイル\Scene">
      <UniqueIdentifier>{cff3d921-1350-4f3f-9e94-131f5401fe64}</UniqueIdentifier>
    </Filter>
    <Filter Include="ヘッダー ファイル\Scene">
      <UniqueIdentifier>{48ebfa10-117b-497a-bde8-457d4beacf7a}</UniqueIdentifier>
    </Filter>
  </ItemGroup>
  <ItemGroup>
    <ClCompile Include="control.cpp">
      <Filter>ソース ファイル</Filter>
    </ClCompile>
    <ClCompile Include="fade.cpp">
      <Filter>ソース ファイル</Filter>
    </ClCompile>
    <ClCompile Include="load.cpp">
      <Filter>ソース ファイル</Filter>
    </ClCompile>
    <ClCompile Include="main.cpp">
      <Filter>ソース ファイル</Filter>
    </ClCompile>
    <ClCompile Include="renderer.cpp">
      <Filter>ソース ファイル</Filter>
    </ClCompile>
    <ClCompile Include="scene.cpp">
      <Filter>ソース ファイル</Filter>
    </ClCompile>
    <ClCompile Include="camera.cpp">
      <Filter>ソース ファイル\3D</Filter>
    </ClCompile>
    <ClCompile Include="field.cpp">
      <Filter>ソース ファイル\3D</Filter>
    </ClCompile>
    <ClCompile Include="input.cpp">
      <Filter>ソース ファイル\input</Filter>
    </ClCompile>
    <ClCompile Include="keyboard.cpp">
      <Filter>ソース ファイル\input</Filter>
    </ClCompile>
    <ClCompile Include="light.cpp">
      <Filter>ソース ファイル\3D</Filter>
    </ClCompile>
    <ClCompile Include="model.cpp">
      <Filter>ソース ファイル\3D</Filter>
    </ClCompile>
    <ClCompile Include="mouse.cpp">
      <Filter>ソース ファイル\input</Filter>
    </ClCompile>
    <ClCompile Include="plane.cpp">
      <Filter>ソース ファイル\3D</Filter>
    </ClCompile>
    <ClCompile Include="player.cpp">
      <Filter>ソース ファイル\3D</Filter>
    </ClCompile>
    <ClCompile Include="scene2d.cpp">
      <Filter>ソース ファイル\2D</Filter>
    </ClCompile>
    <ClCompile Include="scene3d.cpp">
      <Filter>ソース ファイル\3D</Filter>
    </ClCompile>
    <ClCompile Include="seteffect.cpp">
      <Filter>ソース ファイル\2D</Filter>
    </ClCompile>
    <ClCompile Include="Movement.cpp">
      <Filter>ソース ファイル\2D\Effect</Filter>
    </ClCompile>
    <ClCompile Include="effect.cpp">
      <Filter>ソース ファイル\2D\Effect</Filter>
    </ClCompile>
    <ClCompile Include="MeshEffect.cpp">
      <Filter>ソース ファイル\3D\Effect</Filter>
    </ClCompile>
    <ClCompile Include="Trajectory.cpp">
      <Filter>ソース ファイル\3D\Effect</Filter>
    </ClCompile>
    <ClCompile Include="3DScene.cpp">
      <Filter>ソース ファイル\Scene</Filter>
    </ClCompile>
    <ClCompile Include="2DScene.cpp">
      <Filter>ソース ファイル\Scene</Filter>
    </ClCompile>
    <ClCompile Include="manager.cpp">
      <Filter>ソース ファイル\Scene</Filter>
    </ClCompile>
    <ClCompile Include="object.cpp">
      <Filter>ソース ファイル\3D</Filter>
    </ClCompile>
    <ClCompile Include="SetMesh.cpp">
      <Filter>ソース ファイル\3D\Effect</Filter>
    </ClCompile>
    <ClCompile Include="straight3d.cpp">
      <Filter>ソース ファイル\3D\Effect</Filter>
    </ClCompile>
    <ClCompile Include="billeffect.cpp">
      <Filter>ソース ファイル\3D\Effect</Filter>
    </ClCompile>
    <ClCompile Include="SetEffect3d.cpp">
      <Filter>ソース ファイル\3D\Effect</Filter>
    </ClCompile>
    <ClCompile Include="MouseTracking.cpp">
      <Filter>ソース ファイル\2D\Effect</Filter>
    </ClCompile>
    <ClCompile Include="Rotate.cpp">
      <Filter>ソース ファイル\2D\Effect</Filter>
    </ClCompile>
    <ClCompile Include="IntermediateSave.cpp">
      <Filter>ソース ファイル</Filter>
    </ClCompile>
    <ClCompile Include="Butten.cpp">
      <Filter>ソース ファイル</Filter>
    </ClCompile>
    <ClCompile Include="FieldEffect.cpp">
      <Filter>ソース ファイル\3D\Effect</Filter>
    </ClCompile>
    <ClCompile Include="LoadEffect.cpp">
      <Filter>ソース ファイル</Filter>
    </ClCompile>
    <ClCompile Include="PresetSetEffect.cpp">
      <Filter>ソース ファイル</Filter>
    </ClCompile>
  </ItemGroup>
  <ItemGroup>
    <ClInclude Include="control.h">
      <Filter>ヘッダー ファイル</Filter>
    </ClInclude>
    <ClInclude Include="fade.h">
      <Filter>ヘッダー ファイル</Filter>
    </ClInclude>
    <ClInclude Include="load.h">
      <Filter>ヘッダー ファイル</Filter>
    </ClInclude>
    <ClInclude Include="main.h">
      <Filter>ヘッダー ファイル</Filter>
    </ClInclude>
    <ClInclude Include="renderer.h">
      <Filter>ヘッダー ファイル</Filter>
    </ClInclude>
    <ClInclude Include="scene.h">
      <Filter>ヘッダー ファイル</Filter>
    </ClInclude>
    <ClInclude Include="camera.h">
      <Filter>ヘッダー ファイル\3D</Filter>
    </ClInclude>
    <ClInclude Include="field.h">
      <Filter>ヘッダー ファイル\3D</Filter>
    </ClInclude>
    <ClInclude Include="input.h">
      <Filter>ヘッダー ファイル\input</Filter>
    </ClInclude>
    <ClInclude Include="keyboard.h">
      <Filter>ヘッダー ファイル\input</Filter>
    </ClInclude>
    <ClInclude Include="mouse.h">
      <Filter>ヘッダー ファイル\input</Filter>
    </ClInclude>
    <ClInclude Include="light.h">
      <Filter>ヘッダー ファイル\3D</Filter>
    </ClInclude>
    <ClInclude Include="model.h">
      <Filter>ヘッダー ファイル\3D</Filter>
    </ClInclude>
    <ClInclude Include="player.h">
      <Filter>ヘッダー ファイル\3D</Filter>
    </ClInclude>
    <ClInclude Include="plane.h">
      <Filter>ヘッダー ファイル\3D</Filter>
    </ClInclude>
    <ClInclude Include="scene2d.h">
      <Filter>ヘッダー ファイル\2D</Filter>
    </ClInclude>
    <ClInclude Include="scene3d.h">
      <Filter>ヘッダー ファイル\3D</Filter>
    </ClInclude>
    <ClInclude Include="seteffect.h">
      <Filter>ヘッダー ファイル\2D</Filter>
    </ClInclude>
    <ClInclude Include="effect.h">
      <Filter>ヘッダー ファイル\2D\Effect</Filter>
    </ClInclude>
    <ClInclude Include="Movement.h">
      <Filter>ヘッダー ファイル\2D\Effect</Filter>
    </ClInclude>
    <ClInclude Include="MeshEffect.h">
      <Filter>ヘッダー ファイル\3D\Effect</Filter>
    </ClInclude>
    <ClInclude Include="Trajectory.h">
      <Filter>ヘッダー ファイル\3D\Effect</Filter>
    </ClInclude>
    <ClInclude Include="3DScene.h">
      <Filter>ヘッダー ファイル\Scene</Filter>
    </ClInclude>
    <ClInclude Include="2DScene.h">
      <Filter>ヘッダー ファイル\Scene</Filter>
    </ClInclude>
    <ClInclude Include="manager.h">
      <Filter>ヘッダー ファイル\Scene</Filter>
    </ClInclude>
    <ClInclude Include="object.h">
      <Filter>ヘッダー ファイル\3D</Filter>
    </ClInclude>
    <ClInclude Include="SetMesh.h">
      <Filter>ヘッダー ファイル\3D\Effect</Filter>
    </ClInclude>
    <ClInclude Include="billeffect.h">
      <Filter>ヘッダー ファイル\3D\Effect</Filter>
    </ClInclude>
    <ClInclude Include="straight3d.h">
      <Filter>ヘッダー ファイル\3D\Effect</Filter>
    </ClInclude>
    <ClInclude Include="SetEffect3d.h">
      <Filter>ヘッダー ファイル\3D\Effect</Filter>
    </ClInclude>
    <ClInclude Include="MouseTracking.h">
      <Filter>ヘッダー ファイル\2D\Effect</Filter>
    </ClInclude>
    <ClInclude Include="Rotate.h">
      <Filter>ヘッダー ファイル\2D\Effect</Filter>
    </ClInclude>
    <ClInclude Include="IntermediateSave.h">
      <Filter>ヘッダー ファイル</Filter>
    </ClInclude>
    <ClInclude Include="Butten.h">
      <Filter>ヘッダー ファイル</Filter>
    </ClInclude>
    <ClInclude Include="FieldEffect.h">
      <Filter>ヘッダー ファイル\3D\Effect</Filter>
    </ClInclude>
    <ClInclude Include="LoadEffect.h">
      <Filter>ヘッダー ファイル</Filter>
    </ClInclude>
    <ClInclude Include="PresetSetEffect.h">
      <Filter>ヘッダー ファイル</Filter>
    </ClInclude>
  </ItemGroup>
</Project>